
Microsoft Visual Studio Solution File, Format Version 12.00
# Visual Studio Version 17
VisualStudioVersion = 17.12.35728.132
MinimumVisualStudioVersion = 10.0.40219.1
Project("{FAE04EC0-301F-11D3-BF4B-00C04F79EFBC}") = "DatabaseAssignment", "DatabaseAssignment\DatabaseAssignment.csproj", "{DF20DE0C-A919-4B2E-B525-2F16F5F767D8}"
EndProject
Project("{FAE04EC0-301F-11D3-BF4B-00C04F79EFBC}") = "Buisness", "Buisness\Buisness.csproj", "{A3E0093E-A90D-4AC5-8D36-20491D414879}"
EndProject
Project("{FAE04EC0-301F-11D3-BF4B-00C04F79EFBC}") = "DatabaseConsole", "DatabaseConsole\DatabaseConsole.csproj", "{BF666094-7445-4B62-BE81-DAEAF60B14C1}"
EndProject
Global
	GlobalSection(SolutionConfigurationPlatforms) = preSolution
		Debug|Any CPU = Debug|Any CPU
		Release|Any CPU = Release|Any CPU
	EndGlobalSection
	GlobalSection(ProjectConfigurationPlatforms) = postSolution
		{DF20DE0C-A919-4B2E-B525-2F16F5F767D8}.Debug|Any CPU.ActiveCfg = Debug|Any CPU
		{DF20DE0C-A919-4B2E-B525-2F16F5F767D8}.Debug|Any CPU.Build.0 = Debug|Any CPU
		{DF20DE0C-A919-4B2E-B525-2F16F5F767D8}.Release|Any CPU.ActiveCfg = Release|Any CPU
		{DF20DE0C-A919-4B2E-B525-2F16F5F767D8}.Release|Any CPU.Build.0 = Release|Any CPU
		{A3E0093E-A90D-4AC5-8D36-20491D414879}.Debug|Any CPU.ActiveCfg = Debug|Any CPU
		{A3E0093E-A90D-4AC5-8D36-20491D414879}.Debug|Any CPU.Build.0 = Debug|Any CPU
		{A3E0093E-A90D-4AC5-8D36-20491D414879}.Release|Any CPU.ActiveCfg = Release|Any CPU
		{A3E0093E-A90D-4AC5-8D36-20491D414879}.Release|Any CPU.Build.0 = Release|Any CPU
		{BF666094-7445-4B62-BE81-DAEAF60B14C1}.Debug|Any CPU.ActiveCfg = Debug|Any CPU
		{BF666094-7445-4B62-BE81-DAEAF60B14C1}.Debug|Any CPU.Build.0 = Debug|Any CPU
		{BF666094-7445-4B62-BE81-DAEAF60B14C1}.Release|Any CPU.ActiveCfg = Release|Any CPU
		{BF666094-7445-4B62-BE81-DAEAF60B14C1}.Release|Any CPU.Build.0 = Release|Any CPU
	EndGlobalSection
	GlobalSection(SolutionProperties) = preSolution
		HideSolutionNode = FALSE
	EndGlobalSection
EndGlobal
